
Microsoft Visual Studio Solution File, Format Version 12.00
# Visual Studio Version 17
VisualStudioVersion = 17.11.35312.102
MinimumVisualStudioVersion = 10.0.40219.1
Project("{FAE04EC0-301F-11D3-BF4B-00C04F79EFBC}") = "Suris Code", "Suris Code\Suris Code.csproj", "{0AF382FB-216A-4E26-B3C4-2AB6460B5045}"
EndProject
Global
	GlobalSection(SolutionConfigurationPlatforms) = preSolution
		Debug|Any CPU = Debug|Any CPU
		Release|Any CPU = Release|Any CPU
	EndGlobalSection
	GlobalSection(ProjectConfigurationPlatforms) = postSolution
		{0AF382FB-216A-4E26-B3C4-2AB6460B5045}.Debug|Any CPU.ActiveCfg = Debug|Any CPU
		{0AF382FB-216A-4E26-B3C4-2AB6460B5045}.Debug|Any CPU.Build.0 = Debug|Any CPU
		{0AF382FB-216A-4E26-B3C4-2AB6460B5045}.Release|Any CPU.ActiveCfg = Release|Any CPU
		{0AF382FB-216A-4E26-B3C4-2AB6460B5045}.Release|Any CPU.Build.0 = Release|Any CPU
	EndGlobalSection
	GlobalSection(SolutionProperties) = preSolution
		HideSolutionNode = FALSE
	EndGlobalSection
	GlobalSection(ExtensibilityGlobals) = postSolution
		SolutionGuid = {3B7CA3EB-CDB0-4DD5-9914-337949E09F14}
	EndGlobalSection
EndGlobal
